{
  "name": "InstantFader",
  "lockfileVersion": 2,
  "requires": true,
  "packages": {
    "": {
      "dependencies": {
        "imagemagick": "^0.1.3",
        "merge-images": "^2.0.0"
      }
    },
    "node_modules/imagemagick": {
      "version": "0.1.3",
      "resolved": "https://registry.npmjs.org/imagemagick/-/imagemagick-0.1.3.tgz",
      "integrity": "sha1-dIPOoJO02fLi85aFetyIIbU3xWo="
    },
    "node_modules/merge-images": {
      "version": "2.0.0",
      "resolved": "https://registry.npmjs.org/merge-images/-/merge-images-2.0.0.tgz",
      "integrity": "sha512-bpI4j54n/Zl6ZTgxaR3xWou/lqI53RAAt8peXijW37BKqoON83LQ7XCZqtFiwzBfEXIws1isYyR06584yffAyA=="
    }
  },
  "dependencies": {
    "imagemagick": {
      "version": "0.1.3",
      "resolved": "https://registry.npmjs.org/imagemagick/-/imagemagick-0.1.3.tgz",
      "integrity": "sha1-dIPOoJO02fLi85aFetyIIbU3xWo="
    },
    "merge-images": {
      "version": "2.0.0",
      "resolved": "https://registry.npmjs.org/merge-images/-/merge-images-2.0.0.tgz",
      "integrity": "sha512-bpI4j54n/Zl6ZTgxaR3xWou/lqI53RAAt8peXijW37BKqoON83LQ7XCZqtFiwzBfEXIws1isYyR06584yffAyA=="
    }
  }
}
